
Microsoft Visual Studio Solution File, Format Version 12.00
# Visual Studio Version 16
VisualStudioVersion = 16.0.30413.136
MinimumVisualStudioVersion = 10.0.40219.1
Project("{9A19103F-16F7-4668-BE54-9A1E7A4F7556}") = "KijijiAdNotify", "KijijiAdNotify.csproj", "{29F7083E-CED3-4891-BD23-BD1232FDF558}"
EndProject
Project("{9A19103F-16F7-4668-BE54-9A1E7A4F7556}") = "KijijiSniper", "..\KijijiSniper\KijijiSniper.csproj", "{729AAF9B-D8DE-4125-AC46-09BA68BC5ECE}"
EndProject
Project("{9A19103F-16F7-4668-BE54-9A1E7A4F7556}") = "KijijiSniperWPF", "..\KijijiSniperWPF\KijijiSniperWPF.csproj", "{100BBDF0-75C7-43B8-9BE0-28FDCAF8B922}"
EndProject
Project("{FAE04EC0-301F-11D3-BF4B-00C04F79EFBC}") = "QuickReposterProto", "..\QuickReposterProto\QuickReposterProto.csproj", "{9C93340B-1628-439E-8367-CE8328704D9C}"
EndProject
Global
	GlobalSection(SolutionConfigurationPlatforms) = preSolution
		Debug|Any CPU = Debug|Any CPU
		Release|Any CPU = Release|Any CPU
	EndGlobalSection
	GlobalSection(ProjectConfigurationPlatforms) = postSolution
		{29F7083E-CED3-4891-BD23-BD1232FDF558}.Debug|Any CPU.ActiveCfg = Debug|Any CPU
		{29F7083E-CED3-4891-BD23-BD1232FDF558}.Debug|Any CPU.Build.0 = Debug|Any CPU
		{29F7083E-CED3-4891-BD23-BD1232FDF558}.Release|Any CPU.ActiveCfg = Release|Any CPU
		{29F7083E-CED3-4891-BD23-BD1232FDF558}.Release|Any CPU.Build.0 = Release|Any CPU
		{729AAF9B-D8DE-4125-AC46-09BA68BC5ECE}.Debug|Any CPU.ActiveCfg = Debug|Any CPU
		{729AAF9B-D8DE-4125-AC46-09BA68BC5ECE}.Debug|Any CPU.Build.0 = Debug|Any CPU
		{729AAF9B-D8DE-4125-AC46-09BA68BC5ECE}.Release|Any CPU.ActiveCfg = Release|Any CPU
		{729AAF9B-D8DE-4125-AC46-09BA68BC5ECE}.Release|Any CPU.Build.0 = Release|Any CPU
		{100BBDF0-75C7-43B8-9BE0-28FDCAF8B922}.Debug|Any CPU.ActiveCfg = Debug|Any CPU
		{100BBDF0-75C7-43B8-9BE0-28FDCAF8B922}.Debug|Any CPU.Build.0 = Debug|Any CPU
		{100BBDF0-75C7-43B8-9BE0-28FDCAF8B922}.Release|Any CPU.ActiveCfg = Release|Any CPU
		{100BBDF0-75C7-43B8-9BE0-28FDCAF8B922}.Release|Any CPU.Build.0 = Release|Any CPU
		{9C93340B-1628-439E-8367-CE8328704D9C}.Debug|Any CPU.ActiveCfg = Debug|Any CPU
		{9C93340B-1628-439E-8367-CE8328704D9C}.Debug|Any CPU.Build.0 = Debug|Any CPU
		{9C93340B-1628-439E-8367-CE8328704D9C}.Release|Any CPU.ActiveCfg = Release|Any CPU
		{9C93340B-1628-439E-8367-CE8328704D9C}.Release|Any CPU.Build.0 = Release|Any CPU
	EndGlobalSection
	GlobalSection(SolutionProperties) = preSolution
		HideSolutionNode = FALSE
	EndGlobalSection
	GlobalSection(ExtensibilityGlobals) = postSolution
		SolutionGuid = {D9593A52-7FBE-4EC2-9C40-76547660A80C}
	EndGlobalSection
EndGlobal
